
Microsoft Visual Studio Solution File, Format Version 12.00
# Visual Studio Version 17
VisualStudioVersion = 17.5.002.0
MinimumVisualStudioVersion = 10.0.40219.1
Project("{9A19103F-16F7-4668-BE54-9A1E7A4F7556}") = "HotelEntity", "HotelEntity.csproj", "{68914082-BB63-4FD8-A668-E56E67795B41}"
EndProject
Global
	GlobalSection(SolutionConfigurationPlatforms) = preSolution
		Debug|Any CPU = Debug|Any CPU
		Release|Any CPU = Release|Any CPU
	EndGlobalSection
	GlobalSection(ProjectConfigurationPlatforms) = postSolution
		{68914082-BB63-4FD8-A668-E56E67795B41}.Debug|Any CPU.ActiveCfg = Debug|Any CPU
		{68914082-BB63-4FD8-A668-E56E67795B41}.Debug|Any CPU.Build.0 = Debug|Any CPU
		{68914082-BB63-4FD8-A668-E56E67795B41}.Release|Any CPU.ActiveCfg = Release|Any CPU
		{68914082-BB63-4FD8-A668-E56E67795B41}.Release|Any CPU.Build.0 = Release|Any CPU
	EndGlobalSection
	GlobalSection(SolutionProperties) = preSolution
		HideSolutionNode = FALSE
	EndGlobalSection
	GlobalSection(ExtensibilityGlobals) = postSolution
		SolutionGuid = {4C636D32-1EA8-4475-822A-45571BCE094C}
	EndGlobalSection
EndGlobal
